
Microsoft Visual Studio Solution File, Format Version 12.00
# Visual Studio Version 16
VisualStudioVersion = 16.0.31515.178
MinimumVisualStudioVersion = 10.0.40219.1
Project("{9A19103F-16F7-4668-BE54-9A1E7A4F7556}") = "AZK.AutoAnalytics.DesktopClient.View", "AZK.AutoAnalytics.DesktopClient.View\AZK.AutoAnalytics.DesktopClient.View.csproj", "{0B4F7FC1-2FB6-4695-9B58-6E3602E28D8D}"
EndProject
Project("{9A19103F-16F7-4668-BE54-9A1E7A4F7556}") = "AZK.AutoAnalytics.DesktopClient.IModel", "AZK.AutoAnalytics.DesktopClient.Model\AZK.AutoAnalytics.DesktopClient.IModel.csproj", "{9B60CC60-6C93-4F8E-AAAB-3264443640CB}"
EndProject
Project("{2150E333-8FDC-42A3-9474-1A3956D46DE8}") = "Model", "Model", "{9C9E9B7B-9059-48F0-B899-5E467A9B8988}"
EndProject
Project("{2150E333-8FDC-42A3-9474-1A3956D46DE8}") = "View", "View", "{9C54C542-6C24-49DE-BE97-41D9DC038F67}"
EndProject
Project("{2150E333-8FDC-42A3-9474-1A3956D46DE8}") = "ViewModel", "ViewModel", "{EF7CD37C-1E43-43DC-9FD5-5D0050D8AD09}"
EndProject
Project("{9A19103F-16F7-4668-BE54-9A1E7A4F7556}") = "AZK.AutoAnalytics.DesktopClient.ExcelReader", "AZK.AutoAnalytics.DesktopClient.ExcelReader\AZK.AutoAnalytics.DesktopClient.ExcelReader.csproj", "{98E6AE02-67FE-4509-851F-BCF2469ACCA4}"
EndProject
Project("{2150E333-8FDC-42A3-9474-1A3956D46DE8}") = "ExcelReader", "ExcelReader", "{31C41007-221E-4A7C-A8C7-1D5A65CC88EF}"
EndProject
Project("{9A19103F-16F7-4668-BE54-9A1E7A4F7556}") = "AZK.AutoAnalytics.DesktopClient.ExcelReader.Tests", "AZK.AutoAnalytics.DesktopClient.ExcelReader.Tests\AZK.AutoAnalytics.DesktopClient.ExcelReader.Tests.csproj", "{999D8F4A-0013-4014-9E85-97F36E75E2BE}"
EndProject
Project("{9A19103F-16F7-4668-BE54-9A1E7A4F7556}") = "AZK.AutoAnalytics.DesktopClient.ViewModel", "AZK.AutoAnalytics.DesktopClient.ViewModel\AZK.AutoAnalytics.DesktopClient.ViewModel.csproj", "{BCDC07FD-38BE-4CBB-8772-EA3CA221B190}"
EndProject
Project("{2150E333-8FDC-42A3-9474-1A3956D46DE8}") = "Helpers", "Helpers", "{02C9E9A9-C0AD-4C06-BFDB-59C16FB1CA70}"
EndProject
Project("{9A19103F-16F7-4668-BE54-9A1E7A4F7556}") = "AZK.AutoAnalytics.DesktopClient.ViewModel.Helpers", "AZK.AutoAnalytics.DesktopClient.ViewModel.Helpers\AZK.AutoAnalytics.DesktopClient.ViewModel.Helpers.csproj", "{820B7550-3EE5-46E2-BC2B-A29B3F31B597}"
EndProject
Project("{2150E333-8FDC-42A3-9474-1A3956D46DE8}") = "DataTypes", "DataTypes", "{6AA6987B-DCC6-4F56-B69D-93BDE12BE006}"
EndProject
Project("{9A19103F-16F7-4668-BE54-9A1E7A4F7556}") = "AZK.AutoAnalytics.DesktopClient.Model.DataTypes", "AZK.AutoAnalytics.DesktopClient.ViewModel.DataTypes\AZK.AutoAnalytics.DesktopClient.Model.DataTypes.csproj", "{018053AA-E723-4C0E-B532-5FE49C43A19C}"
EndProject
Project("{2150E333-8FDC-42A3-9474-1A3956D46DE8}") = "AZK.AutoAnalytics.DesktopClient.InMemoryModel", "AZK.AutoAnalytics.DesktopClient.InMemoryModel", "{8E12B117-FD58-44E2-B1E2-3C49D6A39591}"
EndProject
Project("{9A19103F-16F7-4668-BE54-9A1E7A4F7556}") = "AZK.AutoAnalytics.DesktopClient.InMemoryModel", "AZK.AutoAnalytics.DesktopClient.InMemoryModel\AZK.AutoAnalytics.DesktopClient.InMemoryModel.csproj", "{34A6194E-8AC1-4A1E-AF1F-EC729F7FF9CA}"
EndProject
Global
	GlobalSection(SolutionConfigurationPlatforms) = preSolution
		Debug|Any CPU = Debug|Any CPU
		Release|Any CPU = Release|Any CPU
	EndGlobalSection
	GlobalSection(ProjectConfigurationPlatforms) = postSolution
		{0B4F7FC1-2FB6-4695-9B58-6E3602E28D8D}.Debug|Any CPU.ActiveCfg = Debug|Any CPU
		{0B4F7FC1-2FB6-4695-9B58-6E3602E28D8D}.Debug|Any CPU.Build.0 = Debug|Any CPU
		{0B4F7FC1-2FB6-4695-9B58-6E3602E28D8D}.Release|Any CPU.ActiveCfg = Release|Any CPU
		{0B4F7FC1-2FB6-4695-9B58-6E3602E28D8D}.Release|Any CPU.Build.0 = Release|Any CPU
		{9B60CC60-6C93-4F8E-AAAB-3264443640CB}.Debug|Any CPU.ActiveCfg = Debug|Any CPU
		{9B60CC60-6C93-4F8E-AAAB-3264443640CB}.Debug|Any CPU.Build.0 = Debug|Any CPU
		{9B60CC60-6C93-4F8E-AAAB-3264443640CB}.Release|Any CPU.ActiveCfg = Release|Any CPU
		{9B60CC60-6C93-4F8E-AAAB-3264443640CB}.Release|Any CPU.Build.0 = Release|Any CPU
		{98E6AE02-67FE-4509-851F-BCF2469ACCA4}.Debug|Any CPU.ActiveCfg = Debug|Any CPU
		{98E6AE02-67FE-4509-851F-BCF2469ACCA4}.Debug|Any CPU.Build.0 = Debug|Any CPU
		{98E6AE02-67FE-4509-851F-BCF2469ACCA4}.Release|Any CPU.ActiveCfg = Release|Any CPU
		{98E6AE02-67FE-4509-851F-BCF2469ACCA4}.Release|Any CPU.Build.0 = Release|Any CPU
		{999D8F4A-0013-4014-9E85-97F36E75E2BE}.Debug|Any CPU.ActiveCfg = Debug|Any CPU
		{999D8F4A-0013-4014-9E85-97F36E75E2BE}.Debug|Any CPU.Build.0 = Debug|Any CPU
		{999D8F4A-0013-4014-9E85-97F36E75E2BE}.Release|Any CPU.ActiveCfg = Release|Any CPU
		{999D8F4A-0013-4014-9E85-97F36E75E2BE}.Release|Any CPU.Build.0 = Release|Any CPU
		{BCDC07FD-38BE-4CBB-8772-EA3CA221B190}.Debug|Any CPU.ActiveCfg = Debug|Any CPU
		{BCDC07FD-38BE-4CBB-8772-EA3CA221B190}.Debug|Any CPU.Build.0 = Debug|Any CPU
		{BCDC07FD-38BE-4CBB-8772-EA3CA221B190}.Release|Any CPU.ActiveCfg = Release|Any CPU
		{BCDC07FD-38BE-4CBB-8772-EA3CA221B190}.Release|Any CPU.Build.0 = Release|Any CPU
		{820B7550-3EE5-46E2-BC2B-A29B3F31B597}.Debug|Any CPU.ActiveCfg = Debug|Any CPU
		{820B7550-3EE5-46E2-BC2B-A29B3F31B597}.Debug|Any CPU.Build.0 = Debug|Any CPU
		{820B7550-3EE5-46E2-BC2B-A29B3F31B597}.Release|Any CPU.ActiveCfg = Release|Any CPU
		{820B7550-3EE5-46E2-BC2B-A29B3F31B597}.Release|Any CPU.Build.0 = Release|Any CPU
		{018053AA-E723-4C0E-B532-5FE49C43A19C}.Debug|Any CPU.ActiveCfg = Debug|Any CPU
		{018053AA-E723-4C0E-B532-5FE49C43A19C}.Debug|Any CPU.Build.0 = Debug|Any CPU
		{018053AA-E723-4C0E-B532-5FE49C43A19C}.Release|Any CPU.ActiveCfg = Release|Any CPU
		{018053AA-E723-4C0E-B532-5FE49C43A19C}.Release|Any CPU.Build.0 = Release|Any CPU
		{34A6194E-8AC1-4A1E-AF1F-EC729F7FF9CA}.Debug|Any CPU.ActiveCfg = Debug|Any CPU
		{34A6194E-8AC1-4A1E-AF1F-EC729F7FF9CA}.Debug|Any CPU.Build.0 = Debug|Any CPU
		{34A6194E-8AC1-4A1E-AF1F-EC729F7FF9CA}.Release|Any CPU.ActiveCfg = Release|Any CPU
		{34A6194E-8AC1-4A1E-AF1F-EC729F7FF9CA}.Release|Any CPU.Build.0 = Release|Any CPU
	EndGlobalSection
	GlobalSection(SolutionProperties) = preSolution
		HideSolutionNode = FALSE
	EndGlobalSection
	GlobalSection(NestedProjects) = preSolution
		{0B4F7FC1-2FB6-4695-9B58-6E3602E28D8D} = {9C54C542-6C24-49DE-BE97-41D9DC038F67}
		{9B60CC60-6C93-4F8E-AAAB-3264443640CB} = {9C9E9B7B-9059-48F0-B899-5E467A9B8988}
		{98E6AE02-67FE-4509-851F-BCF2469ACCA4} = {31C41007-221E-4A7C-A8C7-1D5A65CC88EF}
		{999D8F4A-0013-4014-9E85-97F36E75E2BE} = {31C41007-221E-4A7C-A8C7-1D5A65CC88EF}
		{BCDC07FD-38BE-4CBB-8772-EA3CA221B190} = {EF7CD37C-1E43-43DC-9FD5-5D0050D8AD09}
		{02C9E9A9-C0AD-4C06-BFDB-59C16FB1CA70} = {EF7CD37C-1E43-43DC-9FD5-5D0050D8AD09}
		{820B7550-3EE5-46E2-BC2B-A29B3F31B597} = {02C9E9A9-C0AD-4C06-BFDB-59C16FB1CA70}
		{6AA6987B-DCC6-4F56-B69D-93BDE12BE006} = {9C9E9B7B-9059-48F0-B899-5E467A9B8988}
		{018053AA-E723-4C0E-B532-5FE49C43A19C} = {6AA6987B-DCC6-4F56-B69D-93BDE12BE006}
		{8E12B117-FD58-44E2-B1E2-3C49D6A39591} = {9C9E9B7B-9059-48F0-B899-5E467A9B8988}
		{34A6194E-8AC1-4A1E-AF1F-EC729F7FF9CA} = {8E12B117-FD58-44E2-B1E2-3C49D6A39591}
	EndGlobalSection
	GlobalSection(ExtensibilityGlobals) = postSolution
		SolutionGuid = {81B5AEF7-3F95-49CC-B1CB-2003418E20B6}
	EndGlobalSection
EndGlobal
